
Microsoft Visual Studio Solution File, Format Version 12.00
# Visual Studio Version 16
VisualStudioVersion = 16.0.29215.179
MinimumVisualStudioVersion = 10.0.40219.1
Project("{FAE04EC0-301F-11D3-BF4B-00C04F79EFBC}") = "CustomThingFilters", "CustomThingFilters.csproj", "{CCDFDED1-87B3-4BB3-A5B3-424F680A920A}"
EndProject
Global
	GlobalSection(SolutionConfigurationPlatforms) = preSolution
		Debug|Any CPU = Debug|Any CPU
		Release|Any CPU = Release|Any CPU
	EndGlobalSection
	GlobalSection(ProjectConfigurationPlatforms) = postSolution
		{CCDFDED1-87B3-4BB3-A5B3-424F680A920A}.Debug|Any CPU.ActiveCfg = Debug|Any CPU
		{CCDFDED1-87B3-4BB3-A5B3-424F680A920A}.Debug|Any CPU.Build.0 = Debug|Any CPU
		{CCDFDED1-87B3-4BB3-A5B3-424F680A920A}.Release|Any CPU.ActiveCfg = Release|Any CPU
		{CCDFDED1-87B3-4BB3-A5B3-424F680A920A}.Release|Any CPU.Build.0 = Release|Any CPU
	EndGlobalSection
	GlobalSection(SolutionProperties) = preSolution
		HideSolutionNode = FALSE
	EndGlobalSection
	GlobalSection(ExtensibilityGlobals) = postSolution
		SolutionGuid = {1BC66F8D-4476-4FFC-9FC2-C27E293CE448}
	EndGlobalSection
EndGlobal
